
Microsoft Visual Studio Solution File, Format Version 12.00
# Visual Studio Version 18
VisualStudioVersion = 18.2.11408.102
MinimumVisualStudioVersion = 10.0.40219.1
Project("{FAE04EC0-301F-11D3-BF4B-00C04F79EFBC}") = "GraphicEditor", "GraphicEditor\GraphicEditor.csproj", "{26E14C63-A0BC-4F77-8FD1-AA7CE810439E}"
EndProject
Project("{FAE04EC0-301F-11D3-BF4B-00C04F79EFBC}") = "GraphicsViewFramework", "GraphicsViewFramework\GraphicsViewFramework.csproj", "{384CAFA9-B972-4A8F-95C9-64E242AC5689}"
EndProject
Project("{FAE04EC0-301F-11D3-BF4B-00C04F79EFBC}") = "ImageEditorFramework", "ImageEditorFramework\ImageEditorFramework.csproj", "{C3A7EEEA-738E-4645-B15A-3284F72770CD}"
EndProject
Project("{FAE04EC0-301F-11D3-BF4B-00C04F79EFBC}") = "ImageEditorDemo", "ImageEditorDemo\ImageEditorDemo.csproj", "{5ED7F0E0-299D-4837-8980-D1421EB71FE3}"
EndProject
Global
	GlobalSection(SolutionConfigurationPlatforms) = preSolution
		Debug|Any CPU = Debug|Any CPU
		Debug|x64 = Debug|x64
		Debug|x86 = Debug|x86
		Release|Any CPU = Release|Any CPU
		Release|x64 = Release|x64
		Release|x86 = Release|x86
	EndGlobalSection
	GlobalSection(ProjectConfigurationPlatforms) = postSolution
		{26E14C63-A0BC-4F77-8FD1-AA7CE810439E}.Debug|Any CPU.ActiveCfg = Debug|Any CPU
		{26E14C63-A0BC-4F77-8FD1-AA7CE810439E}.Debug|Any CPU.Build.0 = Debug|Any CPU
		{26E14C63-A0BC-4F77-8FD1-AA7CE810439E}.Debug|x64.ActiveCfg = Debug|Any CPU
		{26E14C63-A0BC-4F77-8FD1-AA7CE810439E}.Debug|x64.Build.0 = Debug|Any CPU
		{26E14C63-A0BC-4F77-8FD1-AA7CE810439E}.Debug|x86.ActiveCfg = Debug|Any CPU
		{26E14C63-A0BC-4F77-8FD1-AA7CE810439E}.Debug|x86.Build.0 = Debug|Any CPU
		{26E14C63-A0BC-4F77-8FD1-AA7CE810439E}.Release|Any CPU.ActiveCfg = Release|Any CPU
		{26E14C63-A0BC-4F77-8FD1-AA7CE810439E}.Release|Any CPU.Build.0 = Release|Any CPU
		{26E14C63-A0BC-4F77-8FD1-AA7CE810439E}.Release|x64.ActiveCfg = Release|Any CPU
		{26E14C63-A0BC-4F77-8FD1-AA7CE810439E}.Release|x64.Build.0 = Release|Any CPU
		{26E14C63-A0BC-4F77-8FD1-AA7CE810439E}.Release|x86.ActiveCfg = Release|Any CPU
		{26E14C63-A0BC-4F77-8FD1-AA7CE810439E}.Release|x86.Build.0 = Release|Any CPU
		{384CAFA9-B972-4A8F-95C9-64E242AC5689}.Debug|Any CPU.ActiveCfg = Debug|Any CPU
		{384CAFA9-B972-4A8F-95C9-64E242AC5689}.Debug|Any CPU.Build.0 = Debug|Any CPU
		{384CAFA9-B972-4A8F-95C9-64E242AC5689}.Debug|x64.ActiveCfg = Debug|Any CPU
		{384CAFA9-B972-4A8F-95C9-64E242AC5689}.Debug|x64.Build.0 = Debug|Any CPU
		{384CAFA9-B972-4A8F-95C9-64E242AC5689}.Debug|x86.ActiveCfg = Debug|Any CPU
		{384CAFA9-B972-4A8F-95C9-64E242AC5689}.Debug|x86.Build.0 = Debug|Any CPU
		{384CAFA9-B972-4A8F-95C9-64E242AC5689}.Release|Any CPU.ActiveCfg = Release|Any CPU
		{384CAFA9-B972-4A8F-95C9-64E242AC5689}.Release|Any CPU.Build.0 = Release|Any CPU
		{384CAFA9-B972-4A8F-95C9-64E242AC5689}.Release|x64.ActiveCfg = Release|Any CPU
		{384CAFA9-B972-4A8F-95C9-64E242AC5689}.Release|x64.Build.0 = Release|Any CPU
		{384CAFA9-B972-4A8F-95C9-64E242AC5689}.Release|x86.ActiveCfg = Release|Any CPU
		{384CAFA9-B972-4A8F-95C9-64E242AC5689}.Release|x86.Build.0 = Release|Any CPU
		{C3A7EEEA-738E-4645-B15A-3284F72770CD}.Debug|Any CPU.ActiveCfg = Debug|Any CPU
		{C3A7EEEA-738E-4645-B15A-3284F72770CD}.Debug|Any CPU.Build.0 = Debug|Any CPU
		{C3A7EEEA-738E-4645-B15A-3284F72770CD}.Debug|x64.ActiveCfg = Debug|Any CPU
		{C3A7EEEA-738E-4645-B15A-3284F72770CD}.Debug|x64.Build.0 = Debug|Any CPU
		{C3A7EEEA-738E-4645-B15A-3284F72770CD}.Debug|x86.ActiveCfg = Debug|Any CPU
		{C3A7EEEA-738E-4645-B15A-3284F72770CD}.Debug|x86.Build.0 = Debug|Any CPU
		{C3A7EEEA-738E-4645-B15A-3284F72770CD}.Release|Any CPU.ActiveCfg = Release|Any CPU
		{C3A7EEEA-738E-4645-B15A-3284F72770CD}.Release|Any CPU.Build.0 = Release|Any CPU
		{C3A7EEEA-738E-4645-B15A-3284F72770CD}.Release|x64.ActiveCfg = Release|Any CPU
		{C3A7EEEA-738E-4645-B15A-3284F72770CD}.Release|x64.Build.0 = Release|Any CPU
		{C3A7EEEA-738E-4645-B15A-3284F72770CD}.Release|x86.ActiveCfg = Release|Any CPU
		{C3A7EEEA-738E-4645-B15A-3284F72770CD}.Release|x86.Build.0 = Release|Any CPU
		{5ED7F0E0-299D-4837-8980-D1421EB71FE3}.Debug|Any CPU.ActiveCfg = Debug|Any CPU
		{5ED7F0E0-299D-4837-8980-D1421EB71FE3}.Debug|Any CPU.Build.0 = Debug|Any CPU
		{5ED7F0E0-299D-4837-8980-D1421EB71FE3}.Debug|x64.ActiveCfg = Debug|Any CPU
		{5ED7F0E0-299D-4837-8980-D1421EB71FE3}.Debug|x64.Build.0 = Debug|Any CPU
		{5ED7F0E0-299D-4837-8980-D1421EB71FE3}.Debug|x86.ActiveCfg = Debug|Any CPU
		{5ED7F0E0-299D-4837-8980-D1421EB71FE3}.Debug|x86.Build.0 = Debug|Any CPU
		{5ED7F0E0-299D-4837-8980-D1421EB71FE3}.Release|Any CPU.ActiveCfg = Release|Any CPU
		{5ED7F0E0-299D-4837-8980-D1421EB71FE3}.Release|Any CPU.Build.0 = Release|Any CPU
		{5ED7F0E0-299D-4837-8980-D1421EB71FE3}.Release|x64.ActiveCfg = Release|Any CPU
		{5ED7F0E0-299D-4837-8980-D1421EB71FE3}.Release|x64.Build.0 = Release|Any CPU
		{5ED7F0E0-299D-4837-8980-D1421EB71FE3}.Release|x86.ActiveCfg = Release|Any CPU
		{5ED7F0E0-299D-4837-8980-D1421EB71FE3}.Release|x86.Build.0 = Release|Any CPU
	EndGlobalSection
	GlobalSection(SolutionProperties) = preSolution
		HideSolutionNode = FALSE
	EndGlobalSection
	GlobalSection(ExtensibilityGlobals) = postSolution
		SolutionGuid = {7F479F6C-4743-490C-9451-FF54B6F50C20}
	EndGlobalSection
EndGlobal
